
Microsoft Visual Studio Solution File, Format Version 12.00
# Visual Studio Version 17
VisualStudioVersion = 17.7.34018.315
MinimumVisualStudioVersion = 10.0.40219.1
Project("{FAE04EC0-301F-11D3-BF4B-00C04F79EFBC}") = "PruebaConexion2", "PruebaConexion2\PruebaConexion2.csproj", "{70E4EE14-76A4-40C1-8E1B-A798CA87785E}"
EndProject
Global
	GlobalSection(SolutionConfigurationPlatforms) = preSolution
		Debug|Any CPU = Debug|Any CPU
		Release|Any CPU = Release|Any CPU
	EndGlobalSection
	GlobalSection(ProjectConfigurationPlatforms) = postSolution
		{70E4EE14-76A4-40C1-8E1B-A798CA87785E}.Debug|Any CPU.ActiveCfg = Debug|Any CPU
		{70E4EE14-76A4-40C1-8E1B-A798CA87785E}.Debug|Any CPU.Build.0 = Debug|Any CPU
		{70E4EE14-76A4-40C1-8E1B-A798CA87785E}.Release|Any CPU.ActiveCfg = Release|Any CPU
		{70E4EE14-76A4-40C1-8E1B-A798CA87785E}.Release|Any CPU.Build.0 = Release|Any CPU
	EndGlobalSection
	GlobalSection(SolutionProperties) = preSolution
		HideSolutionNode = FALSE
	EndGlobalSection
	GlobalSection(ExtensibilityGlobals) = postSolution
		SolutionGuid = {D24EDD14-BC72-46B1-A9B4-63BED0DE03E1}
	EndGlobalSection
EndGlobal
